
Microsoft Visual Studio Solution File, Format Version 12.00
# Visual Studio Version 16
VisualStudioVersion = 16.0.29209.62
MinimumVisualStudioVersion = 10.0.40219.1
Project("{FAE04EC0-301F-11D3-BF4B-00C04F79EFBC}") = "Lab21", "Lab21\Lab21.csproj", "{5DDD61B1-0A23-4791-8D76-3404DB633469}"
EndProject
Global
	GlobalSection(SolutionConfigurationPlatforms) = preSolution
		Debug|Any CPU = Debug|Any CPU
		Release|Any CPU = Release|Any CPU
	EndGlobalSection
	GlobalSection(ProjectConfigurationPlatforms) = postSolution
		{5DDD61B1-0A23-4791-8D76-3404DB633469}.Debug|Any CPU.ActiveCfg = Debug|Any CPU
		{5DDD61B1-0A23-4791-8D76-3404DB633469}.Debug|Any CPU.Build.0 = Debug|Any CPU
		{5DDD61B1-0A23-4791-8D76-3404DB633469}.Release|Any CPU.ActiveCfg = Release|Any CPU
		{5DDD61B1-0A23-4791-8D76-3404DB633469}.Release|Any CPU.Build.0 = Release|Any CPU
	EndGlobalSection
	GlobalSection(SolutionProperties) = preSolution
		HideSolutionNode = FALSE
	EndGlobalSection
	GlobalSection(ExtensibilityGlobals) = postSolution
		SolutionGuid = {AEEF3A55-B3A8-4B59-B6FA-D37FC5AA8981}
	EndGlobalSection
EndGlobal
